
Microsoft Visual Studio Solution File, Format Version 12.00
# Visual Studio Version 17
VisualStudioVersion = 17.1.32319.34
MinimumVisualStudioVersion = 10.0.40219.1
Project("{9A19103F-16F7-4668-BE54-9A1E7A4F7556}") = "CSharpFunctions", "CSharpFunctions\CSharpFunctions.csproj", "{0C1E59B2-AB4C-41B1-8C56-BEB7EDA5B190}"
EndProject
Project("{FAE04EC0-301F-11D3-BF4B-00C04F79EFBC}") = "bonus1", "bonus1\bonus1.csproj", "{828FCC1C-5A88-45C3-A85A-4FBD2BD6C556}"
EndProject
Global
	GlobalSection(SolutionConfigurationPlatforms) = preSolution
		Debug|Any CPU = Debug|Any CPU
		Release|Any CPU = Release|Any CPU
	EndGlobalSection
	GlobalSection(ProjectConfigurationPlatforms) = postSolution
		{0C1E59B2-AB4C-41B1-8C56-BEB7EDA5B190}.Debug|Any CPU.ActiveCfg = Debug|Any CPU
		{0C1E59B2-AB4C-41B1-8C56-BEB7EDA5B190}.Debug|Any CPU.Build.0 = Debug|Any CPU
		{0C1E59B2-AB4C-41B1-8C56-BEB7EDA5B190}.Release|Any CPU.ActiveCfg = Release|Any CPU
		{0C1E59B2-AB4C-41B1-8C56-BEB7EDA5B190}.Release|Any CPU.Build.0 = Release|Any CPU
		{828FCC1C-5A88-45C3-A85A-4FBD2BD6C556}.Debug|Any CPU.ActiveCfg = Debug|Any CPU
		{828FCC1C-5A88-45C3-A85A-4FBD2BD6C556}.Debug|Any CPU.Build.0 = Debug|Any CPU
		{828FCC1C-5A88-45C3-A85A-4FBD2BD6C556}.Release|Any CPU.ActiveCfg = Release|Any CPU
		{828FCC1C-5A88-45C3-A85A-4FBD2BD6C556}.Release|Any CPU.Build.0 = Release|Any CPU
	EndGlobalSection
	GlobalSection(SolutionProperties) = preSolution
		HideSolutionNode = FALSE
	EndGlobalSection
	GlobalSection(ExtensibilityGlobals) = postSolution
		SolutionGuid = {4D6EF94E-314F-46BE-9584-C5FFBFD8F765}
	EndGlobalSection
EndGlobal
